// !$*UTF8*$!
{
	archiveVersion = 1;
	classes = {
	};
	objectVersion = 46;
	objects = {

/* Begin PBXBuildFile section */
		3421AD751BC259B40013EDE3 /* ContentViewController.m in Sources */ = {isa = PBXBuildFile; fileRef = 3421AD741BC259B40013EDE3 /* ContentViewController.m */; settings = {ASSET_TAGS = (); }; };
		3474B8EE1BA5AD4100A5C391 /* main.m in Sources */ = {isa = PBXBuildFile; fileRef = 3474B8ED1BA5AD4100A5C391 /* main.m */; };
		3474B8F11BA5AD4100A5C391 /* AppDelegate.m in Sources */ = {isa = PBXBuildFile; fileRef = 3474B8F01BA5AD4100A5C391 /* AppDelegate.m */; };
		3474B8F41BA5AD4100A5C391 /* ViewController.m in Sources */ = {isa = PBXBuildFile; fileRef = 3474B8F31BA5AD4100A5C391 /* ViewController.m */; };
		3474B8F71BA5AD4100A5C391 /* Main.storyboard in Resources */ = {isa = PBXBuildFile; fileRef = 3474B8F51BA5AD4100A5C391 /* Main.storyboard */; };
		3474B8F91BA5AD4100A5C391 /* Images.xcassets in Resources */ = {isa = PBXBuildFile; fileRef = 3474B8F81BA5AD4100A5C391 /* Images.xcassets */; };
		3474B8FC1BA5AD4100A5C391 /* LaunchScreen.xib in Resources */ = {isa = PBXBuildFile; fileRef = 3474B8FA1BA5AD4100A5C391 /* LaunchScreen.xib */; };
		3474B9081BA5AD4200A5C391 /* LTSegmentedViewControllerTests.m in Sources */ = {isa = PBXBuildFile; fileRef = 3474B9071BA5AD4200A5C391 /* LTSegmentedViewControllerTests.m */; };
		34D1E8611BA85E4C002A3A5B /* LTSegmentedItem.m in Sources */ = {isa = PBXBuildFile; fileRef = 34D1E8601BA85E4C002A3A5B /* LTSegmentedItem.m */; };
		34DF76C11BC9F8CC003C921E /* LTWYSegmentedView.m in Sources */ = {isa = PBXBuildFile; fileRef = 34DF76C01BC9F8CC003C921E /* LTWYSegmentedView.m */; settings = {ASSET_TAGS = (); }; };
		34DF76C51BCA3178003C921E /* LTUnderLineSegmentedView.m in Sources */ = {isa = PBXBuildFile; fileRef = 34DF76C41BCA3178003C921E /* LTUnderLineSegmentedView.m */; settings = {ASSET_TAGS = (); }; };
		34DF76C81BCA4073003C921E /* LTCoverSegmentedView.m in Sources */ = {isa = PBXBuildFile; fileRef = 34DF76C71BCA4073003C921E /* LTCoverSegmentedView.m */; settings = {ASSET_TAGS = (); }; };
		34F0D2A21BAD6E3C002685C7 /* LTPageViewController.m in Sources */ = {isa = PBXBuildFile; fileRef = 34F0D2A11BAD6E3C002685C7 /* LTPageViewController.m */; settings = {ASSET_TAGS = (); }; };
		34F0D2A61BAD724A002685C7 /* NSLayoutConstraint+ActiveConstraint.m in Sources */ = {isa = PBXBuildFile; fileRef = 34F0D2A51BAD724A002685C7 /* NSLayoutConstraint+ActiveConstraint.m */; settings = {ASSET_TAGS = (); }; };
		34F0D2A91BAD7710002685C7 /* LTSegmentedView.m in Sources */ = {isa = PBXBuildFile; fileRef = 34F0D2A81BAD7710002685C7 /* LTSegmentedView.m */; settings = {ASSET_TAGS = (); }; };
		9C1853B61BCB9175008C8152 /* RootViewController.m in Sources */ = {isa = PBXBuildFile; fileRef = 9C1853B51BCB9175008C8152 /* RootViewController.m */; settings = {ASSET_TAGS = (); }; };
		9C1853BA1BCB9AC0008C8152 /* libOAStackView.a in Frameworks */ = {isa = PBXBuildFile; fileRef = 9C1853B81BCB9AC0008C8152 /* libOAStackView.a */; settings = {ASSET_TAGS = (); }; };
		9C775C811BC90AC70090709B /* LTSegmentedViewController.m in Sources */ = {isa = PBXBuildFile; fileRef = 9C775C801BC90AC70090709B /* LTSegmentedViewController.m */; settings = {ASSET_TAGS = (); }; };
/* End PBXBuildFile section */

/* Begin PBXContainerItemProxy section */
		3474B9021BA5AD4200A5C391 /* PBXContainerItemProxy */ = {
			isa = PBXContainerItemProxy;
			containerPortal = 3474B8E01BA5AD4100A5C391 /* Project object */;
			proxyType = 1;
			remoteGlobalIDString = 3474B8E71BA5AD4100A5C391;
			remoteInfo = LTSegmentedViewController;
		};
/* End PBXContainerItemProxy section */

/* Begin PBXFileReference section */
		3421AD731BC259B40013EDE3 /* ContentViewController.h */ = {isa = PBXFileReference; fileEncoding = 4; lastKnownFileType = sourcecode.c.h; path = ContentViewController.h; sourceTree = "<group>"; };
		3421AD741BC259B40013EDE3 /* ContentViewController.m */ = {isa = PBXFileReference; fileEncoding = 4; lastKnownFileType = sourcecode.c.objc; path = ContentViewController.m; sourceTree = "<group>"; };
		3474B8E81BA5AD4100A5C391 /* LTSegmentedViewController.app */ = {isa = PBXFileReference; explicitFileType = wrapper.application; includeInIndex = 0; path = LTSegmentedViewController.app; sourceTree = BUILT_PRODUCTS_DIR; };
		3474B8EC1BA5AD4100A5C391 /* Info.plist */ = {isa = PBXFileReference; lastKnownFileType = text.plist.xml; path = Info.plist; sourceTree = "<group>"; };
		3474B8ED1BA5AD4100A5C391 /* main.m */ = {isa = PBXFileReference; lastKnownFileType = sourcecode.c.objc; path = main.m; sourceTree = "<group>"; };
		3474B8EF1BA5AD4100A5C391 /* AppDelegate.h */ = {isa = PBXFileReference; lastKnownFileType = sourcecode.c.h; path = AppDelegate.h; sourceTree = "<group>"; };
		3474B8F01BA5AD4100A5C391 /* AppDelegate.m */ = {isa = PBXFileReference; lastKnownFileType = sourcecode.c.objc; path = AppDelegate.m; sourceTree = "<group>"; };
		3474B8F21BA5AD4100A5C391 /* ViewController.h */ = {isa = PBXFileReference; lastKnownFileType = sourcecode.c.h; path = ViewController.h; sourceTree = "<group>"; };
		3474B8F31BA5AD4100A5C391 /* ViewController.m */ = {isa = PBXFileReference; lastKnownFileType = sourcecode.c.objc; path = ViewController.m; sourceTree = "<group>"; };
		3474B8F61BA5AD4100A5C391 /* Base */ = {isa = PBXFileReference; lastKnownFileType = file.storyboard; name = Base; path = Base.lproj/Main.storyboard; sourceTree = "<group>"; };
		3474B8F81BA5AD4100A5C391 /* Images.xcassets */ = {isa = PBXFileReference; lastKnownFileType = folder.assetcatalog; path = Images.xcassets; sourceTree = "<group>"; };
		3474B8FB1BA5AD4100A5C391 /* Base */ = {isa = PBXFileReference; lastKnownFileType = file.xib; name = Base; path = Base.lproj/LaunchScreen.xib; sourceTree = "<group>"; };
		3474B9011BA5AD4200A5C391 /* LTSegmentedViewControllerTests.xctest */ = {isa = PBXFileReference; explicitFileType = wrapper.cfbundle; includeInIndex = 0; path = LTSegmentedViewControllerTests.xctest; sourceTree = BUILT_PRODUCTS_DIR; };
		3474B9061BA5AD4200A5C391 /* Info.plist */ = {isa = PBXFileReference; lastKnownFileType = text.plist.xml; path = Info.plist; sourceTree = "<group>"; };
		3474B9071BA5AD4200A5C391 /* LTSegmentedViewControllerTests.m */ = {isa = PBXFileReference; lastKnownFileType = sourcecode.c.objc; path = LTSegmentedViewControllerTests.m; sourceTree = "<group>"; };
		34D1E85F1BA85E4C002A3A5B /* LTSegmentedItem.h */ = {isa = PBXFileReference; fileEncoding = 4; lastKnownFileType = sourcecode.c.h; path = LTSegmentedItem.h; sourceTree = "<group>"; };
		34D1E8601BA85E4C002A3A5B /* LTSegmentedItem.m */ = {isa = PBXFileReference; fileEncoding = 4; lastKnownFileType = sourcecode.c.objc; path = LTSegmentedItem.m; sourceTree = "<group>"; };
		34DF76BF1BC9F8CC003C921E /* LTWYSegmentedView.h */ = {isa = PBXFileReference; fileEncoding = 4; lastKnownFileType = sourcecode.c.h; path = LTWYSegmentedView.h; sourceTree = "<group>"; };
		34DF76C01BC9F8CC003C921E /* LTWYSegmentedView.m */ = {isa = PBXFileReference; fileEncoding = 4; lastKnownFileType = sourcecode.c.objc; path = LTWYSegmentedView.m; sourceTree = "<group>"; };
		34DF76C21BC9FC30003C921E /* LTDataDefine.h */ = {isa = PBXFileReference; lastKnownFileType = sourcecode.c.h; path = LTDataDefine.h; sourceTree = "<group>"; };
		34DF76C31BCA3178003C921E /* LTUnderLineSegmentedView.h */ = {isa = PBXFileReference; fileEncoding = 4; lastKnownFileType = sourcecode.c.h; path = LTUnderLineSegmentedView.h; sourceTree = "<group>"; };
		34DF76C41BCA3178003C921E /* LTUnderLineSegmentedView.m */ = {isa = PBXFileReference; fileEncoding = 4; lastKnownFileType = sourcecode.c.objc; path = LTUnderLineSegmentedView.m; sourceTree = "<group>"; };
		34DF76C61BCA4073003C921E /* LTCoverSegmentedView.h */ = {isa = PBXFileReference; fileEncoding = 4; lastKnownFileType = sourcecode.c.h; path = LTCoverSegmentedView.h; sourceTree = "<group>"; };
		34DF76C71BCA4073003C921E /* LTCoverSegmentedView.m */ = {isa = PBXFileReference; fileEncoding = 4; lastKnownFileType = sourcecode.c.objc; path = LTCoverSegmentedView.m; sourceTree = "<group>"; };
		34F0D2A01BAD6E3C002685C7 /* LTPageViewController.h */ = {isa = PBXFileReference; fileEncoding = 4; lastKnownFileType = sourcecode.c.h; path = LTPageViewController.h; sourceTree = "<group>"; };
		34F0D2A11BAD6E3C002685C7 /* LTPageViewController.m */ = {isa = PBXFileReference; fileEncoding = 4; lastKnownFileType = sourcecode.c.objc; path = LTPageViewController.m; sourceTree = "<group>"; };
		34F0D2A41BAD724A002685C7 /* NSLayoutConstraint+ActiveConstraint.h */ = {isa = PBXFileReference; fileEncoding = 4; lastKnownFileType = sourcecode.c.h; path = "NSLayoutConstraint+ActiveConstraint.h"; sourceTree = "<group>"; };
		34F0D2A51BAD724A002685C7 /* NSLayoutConstraint+ActiveConstraint.m */ = {isa = PBXFileReference; fileEncoding = 4; lastKnownFileType = sourcecode.c.objc; path = "NSLayoutConstraint+ActiveConstraint.m"; sourceTree = "<group>"; };
		34F0D2A71BAD7710002685C7 /* LTSegmentedView.h */ = {isa = PBXFileReference; fileEncoding = 4; lastKnownFileType = sourcecode.c.h; path = LTSegmentedView.h; sourceTree = "<group>"; };
		34F0D2A81BAD7710002685C7 /* LTSegmentedView.m */ = {isa = PBXFileReference; fileEncoding = 4; lastKnownFileType = sourcecode.c.objc; path = LTSegmentedView.m; sourceTree = "<group>"; };
		9C1853B41BCB9174008C8152 /* RootViewController.h */ = {isa = PBXFileReference; fileEncoding = 4; lastKnownFileType = sourcecode.c.h; path = RootViewController.h; sourceTree = "<group>"; };
		9C1853B51BCB9175008C8152 /* RootViewController.m */ = {isa = PBXFileReference; fileEncoding = 4; lastKnownFileType = sourcecode.c.objc; path = RootViewController.m; sourceTree = "<group>"; };
		9C1853B81BCB9AC0008C8152 /* libOAStackView.a */ = {isa = PBXFileReference; lastKnownFileType = archive.ar; path = libOAStackView.a; sourceTree = "<group>"; };
		9C1853B91BCB9AC0008C8152 /* OAStackView.h */ = {isa = PBXFileReference; fileEncoding = 4; lastKnownFileType = sourcecode.c.h; path = OAStackView.h; sourceTree = "<group>"; };
		9C775C7F1BC90AC70090709B /* LTSegmentedViewController.h */ = {isa = PBXFileReference; fileEncoding = 4; lastKnownFileType = sourcecode.c.h; path = LTSegmentedViewController.h; sourceTree = "<group>"; };
		9C775C801BC90AC70090709B /* LTSegmentedViewController.m */ = {isa = PBXFileReference; fileEncoding = 4; lastKnownFileType = sourcecode.c.objc; path = LTSegmentedViewController.m; sourceTree = "<group>"; };
		9C775C821BC90DF40090709B /* LTSegmentedViewProtocol.h */ = {isa = PBXFileReference; fileEncoding = 4; lastKnownFileType = sourcecode.c.h; path = LTSegmentedViewProtocol.h; sourceTree = "<group>"; };
/* End PBXFileReference section */

/* Begin PBXFrameworksBuildPhase section */
		3474B8E51BA5AD4100A5C391 /* Frameworks */ = {
			isa = PBXFrameworksBuildPhase;
			buildActionMask = 2147483647;
			files = (
				9C1853BA1BCB9AC0008C8152 /* libOAStackView.a in Frameworks */,
			);
			runOnlyForDeploymentPostprocessing = 0;
		};
		3474B8FE1BA5AD4200A5C391 /* Frameworks */ = {
			isa = PBXFrameworksBuildPhase;
			buildActionMask = 2147483647;
			files = (
			);
			runOnlyForDeploymentPostprocessing = 0;
		};
/* End PBXFrameworksBuildPhase section */

/* Begin PBXGroup section */
		3474B8DF1BA5AD4100A5C391 = {
			isa = PBXGroup;
			children = (
				9C1853B71BCB9A9F008C8152 /* OAStackView */,
				3474B8EA1BA5AD4100A5C391 /* LTSegmentedViewController */,
				3474B9041BA5AD4200A5C391 /* LTSegmentedViewControllerTests */,
				3474B8E91BA5AD4100A5C391 /* Products */,
			);
			sourceTree = "<group>";
		};
		3474B8E91BA5AD4100A5C391 /* Products */ = {
			isa = PBXGroup;
			children = (
				3474B8E81BA5AD4100A5C391 /* LTSegmentedViewController.app */,
				3474B9011BA5AD4200A5C391 /* LTSegmentedViewControllerTests.xctest */,
			);
			name = Products;
			sourceTree = "<group>";
		};
		3474B8EA1BA5AD4100A5C391 /* LTSegmentedViewController */ = {
			isa = PBXGroup;
			children = (
				34F0D2A31BAD7240002685C7 /* AL */,
				3474B9111BA5AD8200A5C391 /* Classes */,
				3474B8EF1BA5AD4100A5C391 /* AppDelegate.h */,
				3474B8F01BA5AD4100A5C391 /* AppDelegate.m */,
				9C1853B41BCB9174008C8152 /* RootViewController.h */,
				9C1853B51BCB9175008C8152 /* RootViewController.m */,
				3474B8F21BA5AD4100A5C391 /* ViewController.h */,
				3474B8F31BA5AD4100A5C391 /* ViewController.m */,
				3421AD731BC259B40013EDE3 /* ContentViewController.h */,
				3421AD741BC259B40013EDE3 /* ContentViewController.m */,
				3474B8F51BA5AD4100A5C391 /* Main.storyboard */,
				3474B8F81BA5AD4100A5C391 /* Images.xcassets */,
				3474B8FA1BA5AD4100A5C391 /* LaunchScreen.xib */,
				3474B8EB1BA5AD4100A5C391 /* Supporting Files */,
			);
			path = LTSegmentedViewController;
			sourceTree = "<group>";
		};
		3474B8EB1BA5AD4100A5C391 /* Supporting Files */ = {
			isa = PBXGroup;
			children = (
				3474B8EC1BA5AD4100A5C391 /* Info.plist */,
				3474B8ED1BA5AD4100A5C391 /* main.m */,
			);
			name = "Supporting Files";
			sourceTree = "<group>";
		};
		3474B9041BA5AD4200A5C391 /* LTSegmentedViewControllerTests */ = {
			isa = PBXGroup;
			children = (
				3474B9071BA5AD4200A5C391 /* LTSegmentedViewControllerTests.m */,
				3474B9051BA5AD4200A5C391 /* Supporting Files */,
			);
			path = LTSegmentedViewControllerTests;
			sourceTree = "<group>";
		};
		3474B9051BA5AD4200A5C391 /* Supporting Files */ = {
			isa = PBXGroup;
			children = (
				3474B9061BA5AD4200A5C391 /* Info.plist */,
			);
			name = "Supporting Files";
			sourceTree = "<group>";
		};
		3474B9111BA5AD8200A5C391 /* Classes */ = {
			isa = PBXGroup;
			children = (
				34DF76C21BC9FC30003C921E /* LTDataDefine.h */,
				34D1E85F1BA85E4C002A3A5B /* LTSegmentedItem.h */,
				34D1E8601BA85E4C002A3A5B /* LTSegmentedItem.m */,
				34F0D2A71BAD7710002685C7 /* LTSegmentedView.h */,
				34F0D2A81BAD7710002685C7 /* LTSegmentedView.m */,
				34DF76BF1BC9F8CC003C921E /* LTWYSegmentedView.h */,
				34DF76C01BC9F8CC003C921E /* LTWYSegmentedView.m */,
				34DF76C31BCA3178003C921E /* LTUnderLineSegmentedView.h */,
				34DF76C41BCA3178003C921E /* LTUnderLineSegmentedView.m */,
				34DF76C61BCA4073003C921E /* LTCoverSegmentedView.h */,
				34DF76C71BCA4073003C921E /* LTCoverSegmentedView.m */,
				34F0D29F1BAD6E2C002685C7 /* LTPageViewController */,
				9C775C7E1BC90A810090709B /* LTSegmentedViewController */,
			);
			name = Classes;
			sourceTree = "<group>";
		};
		34F0D29F1BAD6E2C002685C7 /* LTPageViewController */ = {
			isa = PBXGroup;
			children = (
				34F0D2A01BAD6E3C002685C7 /* LTPageViewController.h */,
				34F0D2A11BAD6E3C002685C7 /* LTPageViewController.m */,
			);
			name = LTPageViewController;
			sourceTree = "<group>";
		};
		34F0D2A31BAD7240002685C7 /* AL */ = {
			isa = PBXGroup;
			children = (
				34F0D2A41BAD724A002685C7 /* NSLayoutConstraint+ActiveConstraint.h */,
				34F0D2A51BAD724A002685C7 /* NSLayoutConstraint+ActiveConstraint.m */,
			);
			name = AL;
			sourceTree = "<group>";
		};
		9C1853B71BCB9A9F008C8152 /* OAStackView */ = {
			isa = PBXGroup;
			children = (
				9C1853B81BCB9AC0008C8152 /* libOAStackView.a */,
				9C1853B91BCB9AC0008C8152 /* OAStackView.h */,
			);
			name = OAStackView;
			sourceTree = "<group>";
		};
		9C775C7E1BC90A810090709B /* LTSegmentedViewController */ = {
			isa = PBXGroup;
			children = (
				9C775C7F1BC90AC70090709B /* LTSegmentedViewController.h */,
				9C775C801BC90AC70090709B /* LTSegmentedViewController.m */,
				9C775C821BC90DF40090709B /* LTSegmentedViewProtocol.h */,
			);
			name = LTSegmentedViewController;
			sourceTree = "<group>";
		};
/* End PBXGroup section */

/* Begin PBXNativeTarget section */
		3474B8E71BA5AD4100A5C391 /* LTSegmentedViewController */ = {
			isa = PBXNativeTarget;
			buildConfigurationList = 3474B90B1BA5AD4200A5C391 /* Build configuration list for PBXNativeTarget "LTSegmentedViewController" */;
			buildPhases = (
				3474B8E41BA5AD4100A5C391 /* Sources */,
				3474B8E51BA5AD4100A5C391 /* Frameworks */,
				3474B8E61BA5AD4100A5C391 /* Resources */,
			);
			buildRules = (
			);
			dependencies = (
			);
			name = LTSegmentedViewController;
			productName = LTSegmentedViewController;
			productReference = 3474B8E81BA5AD4100A5C391 /* LTSegmentedViewController.app */;
			productType = "com.apple.product-type.application";
		};
		3474B9001BA5AD4200A5C391 /* LTSegmentedViewControllerTests */ = {
			isa = PBXNativeTarget;
			buildConfigurationList = 3474B90E1BA5AD4200A5C391 /* Build configuration list for PBXNativeTarget "LTSegmentedViewControllerTests" */;
			buildPhases = (
				3474B8FD1BA5AD4200A5C391 /* Sources */,
				3474B8FE1BA5AD4200A5C391 /* Frameworks */,
				3474B8FF1BA5AD4200A5C391 /* Resources */,
			);
			buildRules = (
			);
			dependencies = (
				3474B9031BA5AD4200A5C391 /* PBXTargetDependency */,
			);
			name = LTSegmentedViewControllerTests;
			productName = LTSegmentedViewControllerTests;
			productReference = 3474B9011BA5AD4200A5C391 /* LTSegmentedViewControllerTests.xctest */;
			productType = "com.apple.product-type.bundle.unit-test";
		};
/* End PBXNativeTarget section */

/* Begin PBXProject section */
		3474B8E01BA5AD4100A5C391 /* Project object */ = {
			isa = PBXProject;
			attributes = {
				LastUpgradeCheck = 0640;
				ORGANIZATIONNAME = LYP;
				TargetAttributes = {
					3474B8E71BA5AD4100A5C391 = {
						CreatedOnToolsVersion = 6.4;
					};
					3474B9001BA5AD4200A5C391 = {
						CreatedOnToolsVersion = 6.4;
						TestTargetID = 3474B8E71BA5AD4100A5C391;
					};
				};
			};
			buildConfigurationList = 3474B8E31BA5AD4100A5C391 /* Build configuration list for PBXProject "LTSegmentedViewController" */;
			compatibilityVersion = "Xcode 3.2";
			developmentRegion = English;
			hasScannedForEncodings = 0;
			knownRegions = (
				en,
				Base,
			);
			mainGroup = 3474B8DF1BA5AD4100A5C391;
			productRefGroup = 3474B8E91BA5AD4100A5C391 /* Products */;
			projectDirPath = "";
			projectRoot = "";
			targets = (
				3474B8E71BA5AD4100A5C391 /* LTSegmentedViewController */,
				3474B9001BA5AD4200A5C391 /* LTSegmentedViewControllerTests */,
			);
		};
/* End PBXProject section */

/* Begin PBXResourcesBuildPhase section */
		3474B8E61BA5AD4100A5C391 /* Resources */ = {
			isa = PBXResourcesBuildPhase;
			buildActionMask = 2147483647;
			files = (
				3474B8F71BA5AD4100A5C391 /* Main.storyboard in Resources */,
				3474B8FC1BA5AD4100A5C391 /* LaunchScreen.xib in Resources */,
				3474B8F91BA5AD4100A5C391 /* Images.xcassets in Resources */,
			);
			runOnlyForDeploymentPostprocessing = 0;
		};
		3474B8FF1BA5AD4200A5C391 /* Resources */ = {
			isa = PBXResourcesBuildPhase;
			buildActionMask = 2147483647;
			files = (
			);
			runOnlyForDeploymentPostprocessing = 0;
		};
/* End PBXResourcesBuildPhase section */

/* Begin PBXSourcesBuildPhase section */
		3474B8E41BA5AD4100A5C391 /* Sources */ = {
			isa = PBXSourcesBuildPhase;
			buildActionMask = 2147483647;
			files = (
				34F0D2A61BAD724A002685C7 /* NSLayoutConstraint+ActiveConstraint.m in Sources */,
				34D1E8611BA85E4C002A3A5B /* LTSegmentedItem.m in Sources */,
				3474B8F41BA5AD4100A5C391 /* ViewController.m in Sources */,
				3474B8F11BA5AD4100A5C391 /* AppDelegate.m in Sources */,
				9C775C811BC90AC70090709B /* LTSegmentedViewController.m in Sources */,
				3421AD751BC259B40013EDE3 /* ContentViewController.m in Sources */,
				34F0D2A21BAD6E3C002685C7 /* LTPageViewController.m in Sources */,
				34DF76C81BCA4073003C921E /* LTCoverSegmentedView.m in Sources */,
				34F0D2A91BAD7710002685C7 /* LTSegmentedView.m in Sources */,
				34DF76C51BCA3178003C921E /* LTUnderLineSegmentedView.m in Sources */,
				9C1853B61BCB9175008C8152 /* RootViewController.m in Sources */,
				3474B8EE1BA5AD4100A5C391 /* main.m in Sources */,
				34DF76C11BC9F8CC003C921E /* LTWYSegmentedView.m in Sources */,
			);
			runOnlyForDeploymentPostprocessing = 0;
		};
		3474B8FD1BA5AD4200A5C391 /* Sources */ = {
			isa = PBXSourcesBuildPhase;
			buildActionMask = 2147483647;
			files = (
				3474B9081BA5AD4200A5C391 /* LTSegmentedViewControllerTests.m in Sources */,
			);
			runOnlyForDeploymentPostprocessing = 0;
		};
/* End PBXSourcesBuildPhase section */

/* Begin PBXTargetDependency section */
		3474B9031BA5AD4200A5C391 /* PBXTargetDependency */ = {
			isa = PBXTargetDependency;
			target = 3474B8E71BA5AD4100A5C391 /* LTSegmentedViewController */;
			targetProxy = 3474B9021BA5AD4200A5C391 /* PBXContainerItemProxy */;
		};
/* End PBXTargetDependency section */

/* Begin PBXVariantGroup section */
		3474B8F51BA5AD4100A5C391 /* Main.storyboard */ = {
			isa = PBXVariantGroup;
			children = (
				3474B8F61BA5AD4100A5C391 /* Base */,
			);
			name = Main.storyboard;
			sourceTree = "<group>";
		};
		3474B8FA1BA5AD4100A5C391 /* LaunchScreen.xib */ = {
			isa = PBXVariantGroup;
			children = (
				3474B8FB1BA5AD4100A5C391 /* Base */,
			);
			name = LaunchScreen.xib;
			sourceTree = "<group>";
		};
/* End PBXVariantGroup section */

/* Begin XCBuildConfiguration section */
		3474B9091BA5AD4200A5C391 /* Debug */ = {
			isa = XCBuildConfiguration;
			buildSettings = {
				ALWAYS_SEARCH_USER_PATHS = NO;
				CLANG_CXX_LANGUAGE_STANDARD = "gnu++0x";
				CLANG_CXX_LIBRARY = "libc++";
				CLANG_ENABLE_MODULES = YES;
				CLANG_ENABLE_OBJC_ARC = YES;
				CLANG_WARN_BOOL_CONVERSION = YES;
				CLANG_WARN_CONSTANT_CONVERSION = YES;
				CLANG_WARN_DIRECT_OBJC_ISA_USAGE = YES_ERROR;
				CLANG_WARN_EMPTY_BODY = YES;
				CLANG_WARN_ENUM_CONVERSION = YES;
				CLANG_WARN_INT_CONVERSION = YES;
				CLANG_WARN_OBJC_ROOT_CLASS = YES_ERROR;
				CLANG_WARN_UNREACHABLE_CODE = YES;
				CLANG_WARN__DUPLICATE_METHOD_MATCH = YES;
				"CODE_SIGN_IDENTITY[sdk=iphoneos*]" = "iPhone Developer";
				COPY_PHASE_STRIP = NO;
				DEBUG_INFORMATION_FORMAT = "dwarf-with-dsym";
				ENABLE_STRICT_OBJC_MSGSEND = YES;
				GCC_C_LANGUAGE_STANDARD = gnu99;
				GCC_DYNAMIC_NO_PIC = NO;
				GCC_NO_COMMON_BLOCKS = YES;
				GCC_OPTIMIZATION_LEVEL = 0;
				GCC_PREPROCESSOR_DEFINITIONS = (
					"DEBUG=1",
					"$(inherited)",
				);
				GCC_SYMBOLS_PRIVATE_EXTERN = NO;
				GCC_WARN_64_TO_32_BIT_CONVERSION = YES;
				GCC_WARN_ABOUT_RETURN_TYPE = YES_ERROR;
				GCC_WARN_UNDECLARED_SELECTOR = YES;
				GCC_WARN_UNINITIALIZED_AUTOS = YES_AGGRESSIVE;
				GCC_WARN_UNUSED_FUNCTION = YES;
				GCC_WARN_UNUSED_VARIABLE = YES;
				IPHONEOS_DEPLOYMENT_TARGET = 8.4;
				MTL_ENABLE_DEBUG_INFO = YES;
				ONLY_ACTIVE_ARCH = YES;
				SDKROOT = iphoneos;
				TARGETED_DEVICE_FAMILY = "1,2";
			};
			name = Debug;
		};
		3474B90A1BA5AD4200A5C391 /* Release */ = {
			isa = XCBuildConfiguration;
			buildSettings = {
				ALWAYS_SEARCH_USER_PATHS = NO;
				CLANG_CXX_LANGUAGE_STANDARD = "gnu++0x";
				CLANG_CXX_LIBRARY = "libc++";
				CLANG_ENABLE_MODULES = YES;
				CLANG_ENABLE_OBJC_ARC = YES;
				CLANG_WARN_BOOL_CONVERSION = YES;
				CLANG_WARN_CONSTANT_CONVERSION = YES;
				CLANG_WARN_DIRECT_OBJC_ISA_USAGE = YES_ERROR;
				CLANG_WARN_EMPTY_BODY = YES;
				CLANG_WARN_ENUM_CONVERSION = YES;
				CLANG_WARN_INT_CONVERSION = YES;
				CLANG_WARN_OBJC_ROOT_CLASS = YES_ERROR;
				CLANG_WARN_UNREACHABLE_CODE = YES;
				CLANG_WARN__DUPLICATE_METHOD_MATCH = YES;
				"CODE_SIGN_IDENTITY[sdk=iphoneos*]" = "iPhone Developer";
				COPY_PHASE_STRIP = NO;
				DEBUG_INFORMATION_FORMAT = "dwarf-with-dsym";
				ENABLE_NS_ASSERTIONS = NO;
				ENABLE_STRICT_OBJC_MSGSEND = YES;
				GCC_C_LANGUAGE_STANDARD = gnu99;
				GCC_NO_COMMON_BLOCKS = YES;
				GCC_WARN_64_TO_32_BIT_CONVERSION = YES;
				GCC_WARN_ABOUT_RETURN_TYPE = YES_ERROR;
				GCC_WARN_UNDECLARED_SELECTOR = YES;
				GCC_WARN_UNINITIALIZED_AUTOS = YES_AGGRESSIVE;
				GCC_WARN_UNUSED_FUNCTION = YES;
				GCC_WARN_UNUSED_VARIABLE = YES;
				IPHONEOS_DEPLOYMENT_TARGET = 8.4;
				MTL_ENABLE_DEBUG_INFO = NO;
				SDKROOT = iphoneos;
				TARGETED_DEVICE_FAMILY = "1,2";
				VALIDATE_PRODUCT = YES;
			};
			name = Release;
		};
		3474B90C1BA5AD4200A5C391 /* Debug */ = {
			isa = XCBuildConfiguration;
			buildSettings = {
				ASSETCATALOG_COMPILER_APPICON_NAME = AppIcon;
				INFOPLIST_FILE = LTSegmentedViewController/Info.plist;
				LD_RUNPATH_SEARCH_PATHS = "$(inherited) @executable_path/Frameworks";
				LIBRARY_SEARCH_PATHS = (
					"$(inherited)",
					"$(PROJECT_DIR)",
				);
				OTHER_LDFLAGS = (
					"-ObjC",
					"-all_load",
				);
				PRODUCT_NAME = "$(TARGET_NAME)";
			};
			name = Debug;
		};
		3474B90D1BA5AD4200A5C391 /* Release */ = {
			isa = XCBuildConfiguration;
			buildSettings = {
				ASSETCATALOG_COMPILER_APPICON_NAME = AppIcon;
				INFOPLIST_FILE = LTSegmentedViewController/Info.plist;
				LD_RUNPATH_SEARCH_PATHS = "$(inherited) @executable_path/Frameworks";
				LIBRARY_SEARCH_PATHS = (
					"$(inherited)",
					"$(PROJECT_DIR)",
				);
				OTHER_LDFLAGS = (
					"-ObjC",
					"-all_load",
				);
				PRODUCT_NAME = "$(TARGET_NAME)";
			};
			name = Release;
		};
		3474B90F1BA5AD4200A5C391 /* Debug */ = {
			isa = XCBuildConfiguration;
			buildSettings = {
				BUNDLE_LOADER = "$(TEST_HOST)";
				FRAMEWORK_SEARCH_PATHS = (
					"$(SDKROOT)/Developer/Library/Frameworks",
					"$(inherited)",
				);
				GCC_PREPROCESSOR_DEFINITIONS = (
					"DEBUG=1",
					"$(inherited)",
				);
				INFOPLIST_FILE = LTSegmentedViewControllerTests/Info.plist;
				LD_RUNPATH_SEARCH_PATHS = "$(inherited) @executable_path/Frameworks @loader_path/Frameworks";
				PRODUCT_NAME = "$(TARGET_NAME)";
				TEST_HOST = "$(BUILT_PRODUCTS_DIR)/LTSegmentedViewController.app/LTSegmentedViewController";
			};
			name = Debug;
		};
		3474B9101BA5AD4200A5C391 /* Release */ = {
			isa = XCBuildConfiguration;
			buildSettings = {
				BUNDLE_LOADER = "$(TEST_HOST)";
				FRAMEWORK_SEARCH_PATHS = (
					"$(SDKROOT)/Developer/Library/Frameworks",
					"$(inherited)",
				);
				INFOPLIST_FILE = LTSegmentedViewControllerTests/Info.plist;
				LD_RUNPATH_SEARCH_PATHS = "$(inherited) @executable_path/Frameworks @loader_path/Frameworks";
				PRODUCT_NAME = "$(TARGET_NAME)";
				TEST_HOST = "$(BUILT_PRODUCTS_DIR)/LTSegmentedViewController.app/LTSegmentedViewController";
			};
			name = Release;
		};
/* End XCBuildConfiguration section */

/* Begin XCConfigurationList section */
		3474B8E31BA5AD4100A5C391 /* Build configuration list for PBXProject "LTSegmentedViewController" */ = {
			isa = XCConfigurationList;
			buildConfigurations = (
				3474B9091BA5AD4200A5C391 /* Debug */,
				3474B90A1BA5AD4200A5C391 /* Release */,
			);
			defaultConfigurationIsVisible = 0;
			defaultConfigurationName = Release;
		};
		3474B90B1BA5AD4200A5C391 /* Build configuration list for PBXNativeTarget "LTSegmentedViewController" */ = {
			isa = XCConfigurationList;
			buildConfigurations = (
				3474B90C1BA5AD4200A5C391 /* Debug */,
				3474B90D1BA5AD4200A5C391 /* Release */,
			);
			defaultConfigurationIsVisible = 0;
			defaultConfigurationName = Release;
		};
		3474B90E1BA5AD4200A5C391 /* Build configuration list for PBXNativeTarget "LTSegmentedViewControllerTests" */ = {
			isa = XCConfigurationList;
			buildConfigurations = (
				3474B90F1BA5AD4200A5C391 /* Debug */,
				3474B9101BA5AD4200A5C391 /* Release */,
			);
			defaultConfigurationIsVisible = 0;
			defaultConfigurationName = Release;
		};
/* End XCConfigurationList section */
	};
	rootObject = 3474B8E01BA5AD4100A5C391 /* Project object */;
}
